
Microsoft Visual Studio Solution File, Format Version 12.00
# Visual Studio Version 16
VisualStudioVersion = 16.0.31410.357
MinimumVisualStudioVersion = 10.0.40219.1
Project("{FAE04EC0-301F-11D3-BF4B-00C04F79EFBC}") = "Futushki-Game", "Futushki-Game.csproj", "{AD6D8A57-5BF4-413F-BD87-7609F122BDFD}"
EndProject
Global
	GlobalSection(SolutionConfigurationPlatforms) = preSolution
		Debug|Any CPU = Debug|Any CPU
		Release|Any CPU = Release|Any CPU
	EndGlobalSection
	GlobalSection(ProjectConfigurationPlatforms) = postSolution
		{AD6D8A57-5BF4-413F-BD87-7609F122BDFD}.Debug|Any CPU.ActiveCfg = Debug|Any CPU
		{AD6D8A57-5BF4-413F-BD87-7609F122BDFD}.Debug|Any CPU.Build.0 = Debug|Any CPU
		{AD6D8A57-5BF4-413F-BD87-7609F122BDFD}.Release|Any CPU.ActiveCfg = Release|Any CPU
		{AD6D8A57-5BF4-413F-BD87-7609F122BDFD}.Release|Any CPU.Build.0 = Release|Any CPU
	EndGlobalSection
	GlobalSection(SolutionProperties) = preSolution
		HideSolutionNode = FALSE
	EndGlobalSection
	GlobalSection(ExtensibilityGlobals) = postSolution
		SolutionGuid = {BD76FB6C-DE4C-4580-AAF8-95AEE2742E0A}
	EndGlobalSection
EndGlobal
